
Microsoft Visual Studio Solution File, Format Version 12.00
# Visual Studio 15
VisualStudioVersion = 15.0.28307.168
MinimumVisualStudioVersion = 10.0.40219.1
Project("{9A19103F-16F7-4668-BE54-9A1E7A4F7556}") = "1. Diagonal Difference", "1. Diagonal Difference\1. Diagonal Difference.csproj", "{036AC571-4A23-443A-B87B-2744D809B5DE}"
EndProject
Project("{9A19103F-16F7-4668-BE54-9A1E7A4F7556}") = "2.2x2 Squares in Matrix", "2.2x2 Squares in Matrix\2.2x2 Squares in Matrix.csproj", "{4A9CC752-EBE9-426E-A2DF-01AA2AC47313}"
EndProject
Project("{FAE04EC0-301F-11D3-BF4B-00C04F79EFBC}") = "3.Maximal Sum", "3.Maximal Sum\3.Maximal Sum.csproj", "{9B32D42F-7FC2-4007-9599-0512D48F69A5}"
EndProject
Project("{FAE04EC0-301F-11D3-BF4B-00C04F79EFBC}") = "4.Matrix shuffling", "4.Matrix shuffling\4.Matrix shuffling.csproj", "{7E20F369-D0D3-4A5F-98F7-177959A5C0B2}"
EndProject
Project("{FAE04EC0-301F-11D3-BF4B-00C04F79EFBC}") = "5.Snake Moves", "5.Snake Moves\5.Snake Moves.csproj", "{23A7D832-A89A-4DE6-BA7E-B54F441BA768}"
EndProject
Project("{FAE04EC0-301F-11D3-BF4B-00C04F79EFBC}") = "6.Bomb the Basement", "6.Bomb the Basement\6.Bomb the Basement.csproj", "{8853C533-705D-4799-BB3E-E70B55EFCF54}"
EndProject
Global
	GlobalSection(SolutionConfigurationPlatforms) = preSolution
		Debug|Any CPU = Debug|Any CPU
		Release|Any CPU = Release|Any CPU
	EndGlobalSection
	GlobalSection(ProjectConfigurationPlatforms) = postSolution
		{036AC571-4A23-443A-B87B-2744D809B5DE}.Debug|Any CPU.ActiveCfg = Debug|Any CPU
		{036AC571-4A23-443A-B87B-2744D809B5DE}.Debug|Any CPU.Build.0 = Debug|Any CPU
		{036AC571-4A23-443A-B87B-2744D809B5DE}.Release|Any CPU.ActiveCfg = Release|Any CPU
		{036AC571-4A23-443A-B87B-2744D809B5DE}.Release|Any CPU.Build.0 = Release|Any CPU
		{4A9CC752-EBE9-426E-A2DF-01AA2AC47313}.Debug|Any CPU.ActiveCfg = Debug|Any CPU
		{4A9CC752-EBE9-426E-A2DF-01AA2AC47313}.Debug|Any CPU.Build.0 = Debug|Any CPU
		{4A9CC752-EBE9-426E-A2DF-01AA2AC47313}.Release|Any CPU.ActiveCfg = Release|Any CPU
		{4A9CC752-EBE9-426E-A2DF-01AA2AC47313}.Release|Any CPU.Build.0 = Release|Any CPU
		{9B32D42F-7FC2-4007-9599-0512D48F69A5}.Debug|Any CPU.ActiveCfg = Debug|Any CPU
		{9B32D42F-7FC2-4007-9599-0512D48F69A5}.Debug|Any CPU.Build.0 = Debug|Any CPU
		{9B32D42F-7FC2-4007-9599-0512D48F69A5}.Release|Any CPU.ActiveCfg = Release|Any CPU
		{9B32D42F-7FC2-4007-9599-0512D48F69A5}.Release|Any CPU.Build.0 = Release|Any CPU
		{7E20F369-D0D3-4A5F-98F7-177959A5C0B2}.Debug|Any CPU.ActiveCfg = Debug|Any CPU
		{7E20F369-D0D3-4A5F-98F7-177959A5C0B2}.Debug|Any CPU.Build.0 = Debug|Any CPU
		{7E20F369-D0D3-4A5F-98F7-177959A5C0B2}.Release|Any CPU.ActiveCfg = Release|Any CPU
		{7E20F369-D0D3-4A5F-98F7-177959A5C0B2}.Release|Any CPU.Build.0 = Release|Any CPU
		{23A7D832-A89A-4DE6-BA7E-B54F441BA768}.Debug|Any CPU.ActiveCfg = Debug|Any CPU
		{23A7D832-A89A-4DE6-BA7E-B54F441BA768}.Debug|Any CPU.Build.0 = Debug|Any CPU
		{23A7D832-A89A-4DE6-BA7E-B54F441BA768}.Release|Any CPU.ActiveCfg = Release|Any CPU
		{23A7D832-A89A-4DE6-BA7E-B54F441BA768}.Release|Any CPU.Build.0 = Release|Any CPU
		{8853C533-705D-4799-BB3E-E70B55EFCF54}.Debug|Any CPU.ActiveCfg = Debug|Any CPU
		{8853C533-705D-4799-BB3E-E70B55EFCF54}.Debug|Any CPU.Build.0 = Debug|Any CPU
		{8853C533-705D-4799-BB3E-E70B55EFCF54}.Release|Any CPU.ActiveCfg = Release|Any CPU
		{8853C533-705D-4799-BB3E-E70B55EFCF54}.Release|Any CPU.Build.0 = Release|Any CPU
	EndGlobalSection
	GlobalSection(SolutionProperties) = preSolution
		HideSolutionNode = FALSE
	EndGlobalSection
	GlobalSection(ExtensibilityGlobals) = postSolution
		SolutionGuid = {AD498F7F-C72A-4B23-B4D0-8E40C13206B2}
	EndGlobalSection
EndGlobal
